
Microsoft Visual Studio Solution File, Format Version 12.00
# Visual Studio Version 17
VisualStudioVersion = 17.0.32126.317
MinimumVisualStudioVersion = 10.0.40219.1
Project("{FAE04EC0-301F-11D3-BF4B-00C04F79EFBC}") = "PondWater", "PondWater\PondWater.csproj", "{9A1E10EB-732F-417C-ACB8-141888ED0651}"
EndProject
Global
	GlobalSection(SolutionConfigurationPlatforms) = preSolution
		Debug|Any CPU = Debug|Any CPU
		Release|Any CPU = Release|Any CPU
	EndGlobalSection
	GlobalSection(ProjectConfigurationPlatforms) = postSolution
		{9A1E10EB-732F-417C-ACB8-141888ED0651}.Debug|Any CPU.ActiveCfg = Debug|Any CPU
		{9A1E10EB-732F-417C-ACB8-141888ED0651}.Debug|Any CPU.Build.0 = Debug|Any CPU
		{9A1E10EB-732F-417C-ACB8-141888ED0651}.Release|Any CPU.ActiveCfg = Release|Any CPU
		{9A1E10EB-732F-417C-ACB8-141888ED0651}.Release|Any CPU.Build.0 = Release|Any CPU
	EndGlobalSection
	GlobalSection(SolutionProperties) = preSolution
		HideSolutionNode = FALSE
	EndGlobalSection
	GlobalSection(ExtensibilityGlobals) = postSolution
		SolutionGuid = {2B73F7CF-FF57-49C7-9411-35FE73C0B7D8}
	EndGlobalSection
EndGlobal
